PODS:
  - NMapsMap (3.8.0)
  - Then (2.6.0)

DEPENDENCIES:
  - NMapsMap
  - Then

SPEC REPOS:
  trunk:
    - NMapsMap
    - Then

SPEC CHECKSUMS:
  NMapsMap: b3633ad688483a318be9293aeddd323a714fb08b
  Then: 90cd104fd951cec1980a03f57704ad8f784d4d79

PODFILE CHECKSUM: e56f2c0c44a8328b57b3abbf273d8cdb95f127e5

COCOAPODS: 1.9.1
